
Microsoft Visual Studio Solution File, Format Version 12.00
# Visual Studio Version 16
VisualStudioVersion = 16.0.31702.278
MinimumVisualStudioVersion = 10.0.40219.1
Project("{FAE04EC0-301F-11D3-BF4B-00C04F79EFBC}") = "Generic Delegates HW", "Generic Delegates HW\Generic Delegates HW.csproj", "{A259C265-EC74-4A53-84E2-77E3DDBDAE56}"
EndProject
Global
	GlobalSection(SolutionConfigurationPlatforms) = preSolution
		Debug|Any CPU = Debug|Any CPU
		Release|Any CPU = Release|Any CPU
	EndGlobalSection
	GlobalSection(ProjectConfigurationPlatforms) = postSolution
		{A259C265-EC74-4A53-84E2-77E3DDBDAE56}.Debug|Any CPU.ActiveCfg = Debug|Any CPU
		{A259C265-EC74-4A53-84E2-77E3DDBDAE56}.Debug|Any CPU.Build.0 = Debug|Any CPU
		{A259C265-EC74-4A53-84E2-77E3DDBDAE56}.Release|Any CPU.ActiveCfg = Release|Any CPU
		{A259C265-EC74-4A53-84E2-77E3DDBDAE56}.Release|Any CPU.Build.0 = Release|Any CPU
	EndGlobalSection
	GlobalSection(SolutionProperties) = preSolution
		HideSolutionNode = FALSE
	EndGlobalSection
	GlobalSection(ExtensibilityGlobals) = postSolution
		SolutionGuid = {51A40C0A-2AA5-4D3F-9A01-FCFD9B64D91C}
	EndGlobalSection
EndGlobal
